// !$*UTF8*$!
{
	archiveVersion = 1;
	classes = {
	};
	objectVersion = 56;
	objects = {

/* Begin PBXBuildFile section */
		727AC06429BA086E00E003AA /* OnboardingContainerViewController.swift in Sources */ = {isa = PBXBuildFile; fileRef = 727AC06329BA086E00E003AA /* OnboardingContainerViewController.swift */; };
		727AC06629BAFF9300E003AA /* OnboardingViewController.swift in Sources */ = {isa = PBXBuildFile; fileRef = 727AC06529BAFF9300E003AA /* OnboardingViewController.swift */; };
		72FC2FD829B9AC3D00384AE2 /* AppDelegate.swift in Sources */ = {isa = PBXBuildFile; fileRef = 72FC2FD729B9AC3D00384AE2 /* AppDelegate.swift */; };
		72FC2FDC29B9AC3D00384AE2 /* LoginViewController.swift in Sources */ = {isa = PBXBuildFile; fileRef = 72FC2FDB29B9AC3D00384AE2 /* LoginViewController.swift */; };
		72FC2FE129B9AC3E00384AE2 /* Assets.xcassets in Resources */ = {isa = PBXBuildFile; fileRef = 72FC2FE029B9AC3E00384AE2 /* Assets.xcassets */; };
		72FC2FE429B9AC3E00384AE2 /* LaunchScreen.storyboard in Resources */ = {isa = PBXBuildFile; fileRef = 72FC2FE229B9AC3E00384AE2 /* LaunchScreen.storyboard */; };
		72FC2FEF29B9AC3E00384AE2 /* ios_appDevTests.swift in Sources */ = {isa = PBXBuildFile; fileRef = 72FC2FEE29B9AC3E00384AE2 /* ios_appDevTests.swift */; };
		72FC2FF929B9AC3E00384AE2 /* ios_appDevUITests.swift in Sources */ = {isa = PBXBuildFile; fileRef = 72FC2FF829B9AC3E00384AE2 /* ios_appDevUITests.swift */; };
		72FC2FFB29B9AC3E00384AE2 /* ios_appDevUITestsLaunchTests.swift in Sources */ = {isa = PBXBuildFile; fileRef = 72FC2FFA29B9AC3E00384AE2 /* ios_appDevUITestsLaunchTests.swift */; };
		72FC300A29B9BD5400384AE2 /* LoginView.swift in Sources */ = {isa = PBXBuildFile; fileRef = 72FC300929B9BD5400384AE2 /* LoginView.swift */; };
/* End PBXBuildFile section */

/* Begin PBXContainerItemProxy section */
		72FC2FEB29B9AC3E00384AE2 /* PBXContainerItemProxy */ = {
			isa = PBXContainerItemProxy;
			containerPortal = 72FC2FCC29B9AC3D00384AE2 /* Project object */;
			proxyType = 1;
			remoteGlobalIDString = 72FC2FD329B9AC3D00384AE2;
			remoteInfo = ios_appDev;
		};
		72FC2FF529B9AC3E00384AE2 /* PBXContainerItemProxy */ = {
			isa = PBXContainerItemProxy;
			containerPortal = 72FC2FCC29B9AC3D00384AE2 /* Project object */;
			proxyType = 1;
			remoteGlobalIDString = 72FC2FD329B9AC3D00384AE2;
			remoteInfo = ios_appDev;
		};
/* End PBXContainerItemProxy section */

/* Begin PBXFileReference section */
		727AC06329BA086E00E003AA /* OnboardingContainerViewController.swift */ = {isa = PBXFileReference; lastKnownFileType = sourcecode.swift; path = OnboardingContainerViewController.swift; sourceTree = "<group>"; };
		727AC06529BAFF9300E003AA /* OnboardingViewController.swift */ = {isa = PBXFileReference; lastKnownFileType = sourcecode.swift; path = OnboardingViewController.swift; sourceTree = "<group>"; };
		72FC2FD429B9AC3D00384AE2 /* ios_appDev.app */ = {isa = PBXFileReference; explicitFileType = wrapper.application; includeInIndex = 0; path = ios_appDev.app; sourceTree = BUILT_PRODUCTS_DIR; };
		72FC2FD729B9AC3D00384AE2 /* AppDelegate.swift */ = {isa = PBXFileReference; lastKnownFileType = sourcecode.swift; path = AppDelegate.swift; sourceTree = "<group>"; };
		72FC2FDB29B9AC3D00384AE2 /* LoginViewController.swift */ = {isa = PBXFileReference; lastKnownFileType = sourcecode.swift; path = LoginViewController.swift; sourceTree = "<group>"; };
		72FC2FE029B9AC3E00384AE2 /* Assets.xcassets */ = {isa = PBXFileReference; lastKnownFileType = folder.assetcatalog; path = Assets.xcassets; sourceTree = "<group>"; };
		72FC2FE329B9AC3E00384AE2 /* Base */ = {isa = PBXFileReference; lastKnownFileType = file.storyboard; name = Base; path = Base.lproj/LaunchScreen.storyboard; sourceTree = "<group>"; };
		72FC2FE529B9AC3E00384AE2 /* Info.plist */ = {isa = PBXFileReference; lastKnownFileType = text.plist.xml; path = Info.plist; sourceTree = "<group>"; };
		72FC2FEA29B9AC3E00384AE2 /* ios_appDevTests.xctest */ = {isa = PBXFileReference; explicitFileType = wrapper.cfbundle; includeInIndex = 0; path = ios_appDevTests.xctest; sourceTree = BUILT_PRODUCTS_DIR; };
		72FC2FEE29B9AC3E00384AE2 /* ios_appDevTests.swift */ = {isa = PBXFileReference; lastKnownFileType = sourcecode.swift; path = ios_appDevTests.swift; sourceTree = "<group>"; };
		72FC2FF429B9AC3E00384AE2 /* ios_appDevUITests.xctest */ = {isa = PBXFileReference; explicitFileType = wrapper.cfbundle; includeInIndex = 0; path = ios_appDevUITests.xctest; sourceTree = BUILT_PRODUCTS_DIR; };
		72FC2FF829B9AC3E00384AE2 /* ios_appDevUITests.swift */ = {isa = PBXFileReference; lastKnownFileType = sourcecode.swift; path = ios_appDevUITests.swift; sourceTree = "<group>"; };
		72FC2FFA29B9AC3E00384AE2 /* ios_appDevUITestsLaunchTests.swift */ = {isa = PBXFileReference; lastKnownFileType = sourcecode.swift; path = ios_appDevUITestsLaunchTests.swift; sourceTree = "<group>"; };
		72FC300929B9BD5400384AE2 /* LoginView.swift */ = {isa = PBXFileReference; lastKnownFileType = sourcecode.swift; path = LoginView.swift; sourceTree = "<group>"; };
/* End PBXFileReference section */

/* Begin PBXFrameworksBuildPhase section */
		72FC2FD129B9AC3D00384AE2 /* Frameworks */ = {
			isa = PBXFrameworksBuildPhase;
			buildActionMask = 2147483647;
			files = (
			);
			runOnlyForDeploymentPostprocessing = 0;
		};
		72FC2FE729B9AC3E00384AE2 /* Frameworks */ = {
			isa = PBXFrameworksBuildPhase;
			buildActionMask = 2147483647;
			files = (
			);
			runOnlyForDeploymentPostprocessing = 0;
		};
		72FC2FF129B9AC3E00384AE2 /* Frameworks */ = {
			isa = PBXFrameworksBuildPhase;
			buildActionMask = 2147483647;
			files = (
			);
			runOnlyForDeploymentPostprocessing = 0;
		};
/* End PBXFrameworksBuildPhase section */

/* Begin PBXGroup section */
		727AC06229BA07F900E003AA /* Onboarding */ = {
			isa = PBXGroup;
			children = (
				727AC06329BA086E00E003AA /* OnboardingContainerViewController.swift */,
				727AC06529BAFF9300E003AA /* OnboardingViewController.swift */,
			);
			path = Onboarding;
			sourceTree = "<group>";
		};
		72FC2FCB29B9AC3D00384AE2 = {
			isa = PBXGroup;
			children = (
				72FC2FD629B9AC3D00384AE2 /* ios_appDev */,
				72FC2FED29B9AC3E00384AE2 /* ios_appDevTests */,
				72FC2FF729B9AC3E00384AE2 /* ios_appDevUITests */,
				72FC2FD529B9AC3D00384AE2 /* Products */,
			);
			sourceTree = "<group>";
		};
		72FC2FD529B9AC3D00384AE2 /* Products */ = {
			isa = PBXGroup;
			children = (
				72FC2FD429B9AC3D00384AE2 /* ios_appDev.app */,
				72FC2FEA29B9AC3E00384AE2 /* ios_appDevTests.xctest */,
				72FC2FF429B9AC3E00384AE2 /* ios_appDevUITests.xctest */,
			);
			name = Products;
			sourceTree = "<group>";
		};
		72FC2FD629B9AC3D00384AE2 /* ios_appDev */ = {
			isa = PBXGroup;
			children = (
				72FC2FD729B9AC3D00384AE2 /* AppDelegate.swift */,
				72FC300829B9BC7500384AE2 /* Files */,
				727AC06229BA07F900E003AA /* Onboarding */,
				72FC300729B9BC1C00384AE2 /* Login */,
			);
			path = ios_appDev;
			sourceTree = "<group>";
		};
		72FC2FED29B9AC3E00384AE2 /* ios_appDevTests */ = {
			isa = PBXGroup;
			children = (
				72FC2FEE29B9AC3E00384AE2 /* ios_appDevTests.swift */,
			);
			path = ios_appDevTests;
			sourceTree = "<group>";
		};
		72FC2FF729B9AC3E00384AE2 /* ios_appDevUITests */ = {
			isa = PBXGroup;
			children = (
				72FC2FF829B9AC3E00384AE2 /* ios_appDevUITests.swift */,
				72FC2FFA29B9AC3E00384AE2 /* ios_appDevUITestsLaunchTests.swift */,
			);
			path = ios_appDevUITests;
			sourceTree = "<group>";
		};
		72FC300729B9BC1C00384AE2 /* Login */ = {
			isa = PBXGroup;
			children = (
				72FC2FDB29B9AC3D00384AE2 /* LoginViewController.swift */,
				72FC300929B9BD5400384AE2 /* LoginView.swift */,
			);
			path = Login;
			sourceTree = "<group>";
		};
		72FC300829B9BC7500384AE2 /* Files */ = {
			isa = PBXGroup;
			children = (
				72FC2FE529B9AC3E00384AE2 /* Info.plist */,
				72FC2FE229B9AC3E00384AE2 /* LaunchScreen.storyboard */,
				72FC2FE029B9AC3E00384AE2 /* Assets.xcassets */,
			);
			name = Files;
			sourceTree = "<group>";
		};
/* End PBXGroup section */

/* Begin PBXNativeTarget section */
		72FC2FD329B9AC3D00384AE2 /* ios_appDev */ = {
			isa = PBXNativeTarget;
			buildConfigurationList = 72FC2FFE29B9AC3E00384AE2 /* Build configuration list for PBXNativeTarget "ios_appDev" */;
			buildPhases = (
				72FC2FD029B9AC3D00384AE2 /* Sources */,
				72FC2FD129B9AC3D00384AE2 /* Frameworks */,
				72FC2FD229B9AC3D00384AE2 /* Resources */,
			);
			buildRules = (
			);
			dependencies = (
			);
			name = ios_appDev;
			productName = ios_appDev;
			productReference = 72FC2FD429B9AC3D00384AE2 /* ios_appDev.app */;
			productType = "com.apple.product-type.application";
		};
		72FC2FE929B9AC3E00384AE2 /* ios_appDevTests */ = {
			isa = PBXNativeTarget;
			buildConfigurationList = 72FC300129B9AC3E00384AE2 /* Build configuration list for PBXNativeTarget "ios_appDevTests" */;
			buildPhases = (
				72FC2FE629B9AC3E00384AE2 /* Sources */,
				72FC2FE729B9AC3E00384AE2 /* Frameworks */,
				72FC2FE829B9AC3E00384AE2 /* Resources */,
			);
			buildRules = (
			);
			dependencies = (
				72FC2FEC29B9AC3E00384AE2 /* PBXTargetDependency */,
			);
			name = ios_appDevTests;
			productName = ios_appDevTests;
			productReference = 72FC2FEA29B9AC3E00384AE2 /* ios_appDevTests.xctest */;
			productType = "com.apple.product-type.bundle.unit-test";
		};
		72FC2FF329B9AC3E00384AE2 /* ios_appDevUITests */ = {
			isa = PBXNativeTarget;
			buildConfigurationList = 72FC300429B9AC3E00384AE2 /* Build configuration list for PBXNativeTarget "ios_appDevUITests" */;
			buildPhases = (
				72FC2FF029B9AC3E00384AE2 /* Sources */,
				72FC2FF129B9AC3E00384AE2 /* Frameworks */,
				72FC2FF229B9AC3E00384AE2 /* Resources */,
			);
			buildRules = (
			);
			dependencies = (
				72FC2FF629B9AC3E00384AE2 /* PBXTargetDependency */,
			);
			name = ios_appDevUITests;
			productName = ios_appDevUITests;
			productReference = 72FC2FF429B9AC3E00384AE2 /* ios_appDevUITests.xctest */;
			productType = "com.apple.product-type.bundle.ui-testing";
		};
/* End PBXNativeTarget section */

/* Begin PBXProject section */
		72FC2FCC29B9AC3D00384AE2 /* Project object */ = {
			isa = PBXProject;
			attributes = {
				BuildIndependentTargetsInParallel = 1;
				LastSwiftUpdateCheck = 1420;
				LastUpgradeCheck = 1420;
				TargetAttributes = {
					72FC2FD329B9AC3D00384AE2 = {
						CreatedOnToolsVersion = 14.2;
					};
					72FC2FE929B9AC3E00384AE2 = {
						CreatedOnToolsVersion = 14.2;
						TestTargetID = 72FC2FD329B9AC3D00384AE2;
					};
					72FC2FF329B9AC3E00384AE2 = {
						CreatedOnToolsVersion = 14.2;
						TestTargetID = 72FC2FD329B9AC3D00384AE2;
					};
				};
			};
			buildConfigurationList = 72FC2FCF29B9AC3D00384AE2 /* Build configuration list for PBXProject "ios_appDev" */;
			compatibilityVersion = "Xcode 14.0";
			developmentRegion = en;
			hasScannedForEncodings = 0;
			knownRegions = (
				en,
				Base,
			);
			mainGroup = 72FC2FCB29B9AC3D00384AE2;
			productRefGroup = 72FC2FD529B9AC3D00384AE2 /* Products */;
			projectDirPath = "";
			projectRoot = "";
			targets = (
				72FC2FD329B9AC3D00384AE2 /* ios_appDev */,
				72FC2FE929B9AC3E00384AE2 /* ios_appDevTests */,
				72FC2FF329B9AC3E00384AE2 /* ios_appDevUITests */,
			);
		};
/* End PBXProject section */

/* Begin PBXResourcesBuildPhase section */
		72FC2FD229B9AC3D00384AE2 /* Resources */ = {
			isa = PBXResourcesBuildPhase;
			buildActionMask = 2147483647;
			files = (
				72FC2FE429B9AC3E00384AE2 /* LaunchScreen.storyboard in Resources */,
				72FC2FE129B9AC3E00384AE2 /* Assets.xcassets in Resources */,
			);
			runOnlyForDeploymentPostprocessing = 0;
		};
		72FC2FE829B9AC3E00384AE2 /* Resources */ = {
			isa = PBXResourcesBuildPhase;
			buildActionMask = 2147483647;
			files = (
			);
			runOnlyForDeploymentPostprocessing = 0;
		};
		72FC2FF229B9AC3E00384AE2 /* Resources */ = {
			isa = PBXResourcesBuildPhase;
			buildActionMask = 2147483647;
			files = (
			);
			runOnlyForDeploymentPostprocessing = 0;
		};
/* End PBXResourcesBuildPhase section */

/* Begin PBXSourcesBuildPhase section */
		72FC2FD029B9AC3D00384AE2 /* Sources */ = {
			isa = PBXSourcesBuildPhase;
			buildActionMask = 2147483647;
			files = (
				72FC300A29B9BD5400384AE2 /* LoginView.swift in Sources */,
				72FC2FDC29B9AC3D00384AE2 /* LoginViewController.swift in Sources */,
				727AC06629BAFF9300E003AA /* OnboardingViewController.swift in Sources */,
				72FC2FD829B9AC3D00384AE2 /* AppDelegate.swift in Sources */,
				727AC06429BA086E00E003AA /* OnboardingContainerViewController.swift in Sources */,
			);
			runOnlyForDeploymentPostprocessing = 0;
		};
		72FC2FE629B9AC3E00384AE2 /* Sources */ = {
			isa = PBXSourcesBuildPhase;
			buildActionMask = 2147483647;
			files = (
				72FC2FEF29B9AC3E00384AE2 /* ios_appDevTests.swift in Sources */,
			);
			runOnlyForDeploymentPostprocessing = 0;
		};
		72FC2FF029B9AC3E00384AE2 /* Sources */ = {
			isa = PBXSourcesBuildPhase;
			buildActionMask = 2147483647;
			files = (
				72FC2FFB29B9AC3E00384AE2 /* ios_appDevUITestsLaunchTests.swift in Sources */,
				72FC2FF929B9AC3E00384AE2 /* ios_appDevUITests.swift in Sources */,
			);
			runOnlyForDeploymentPostprocessing = 0;
		};
/* End PBXSourcesBuildPhase section */

/* Begin PBXTargetDependency section */
		72FC2FEC29B9AC3E00384AE2 /* PBXTargetDependency */ = {
			isa = PBXTargetDependency;
			target = 72FC2FD329B9AC3D00384AE2 /* ios_appDev */;
			targetProxy = 72FC2FEB29B9AC3E00384AE2 /* PBXContainerItemProxy */;
		};
		72FC2FF629B9AC3E00384AE2 /* PBXTargetDependency */ = {
			isa = PBXTargetDependency;
			target = 72FC2FD329B9AC3D00384AE2 /* ios_appDev */;
			targetProxy = 72FC2FF529B9AC3E00384AE2 /* PBXContainerItemProxy */;
		};
/* End PBXTargetDependency section */

/* Begin PBXVariantGroup section */
		72FC2FE229B9AC3E00384AE2 /* LaunchScreen.storyboard */ = {
			isa = PBXVariantGroup;
			children = (
				72FC2FE329B9AC3E00384AE2 /* Base */,
			);
			name = LaunchScreen.storyboard;
			sourceTree = "<group>";
		};
/* End PBXVariantGroup section */

/* Begin XCBuildConfiguration section */
		72FC2FFC29B9AC3E00384AE2 /* Debug */ = {
			isa = XCBuildConfiguration;
			buildSettings = {
				ALWAYS_SEARCH_USER_PATHS = NO;
				CLANG_ANALYZER_NONNULL = YES;
				CLANG_ANALYZER_NUMBER_OBJECT_CONVERSION = YES_AGGRESSIVE;
				CLANG_CXX_LANGUAGE_STANDARD = "gnu++20";
				CLANG_ENABLE_MODULES = YES;
				CLANG_ENABLE_OBJC_ARC = YES;
				CLANG_ENABLE_OBJC_WEAK = YES;
				CLANG_WARN_BLOCK_CAPTURE_AUTORELEASING = YES;
				CLANG_WARN_BOOL_CONVERSION = YES;
				CLANG_WARN_COMMA = YES;
				CLANG_WARN_CONSTANT_CONVERSION = YES;
				CLANG_WARN_DEPRECATED_OBJC_IMPLEMENTATIONS = YES;
				CLANG_WARN_DIRECT_OBJC_ISA_USAGE = YES_ERROR;
				CLANG_WARN_DOCUMENTATION_COMMENTS = YES;
				CLANG_WARN_EMPTY_BODY = YES;
				CLANG_WARN_ENUM_CONVERSION = YES;
				CLANG_WARN_INFINITE_RECURSION = YES;
				CLANG_WARN_INT_CONVERSION = YES;
				CLANG_WARN_NON_LITERAL_NULL_CONVERSION = YES;
				CLANG_WARN_OBJC_IMPLICIT_RETAIN_SELF = YES;
				CLANG_WARN_OBJC_LITERAL_CONVERSION = YES;
				CLANG_WARN_OBJC_ROOT_CLASS = YES_ERROR;
				CLANG_WARN_QUOTED_INCLUDE_IN_FRAMEWORK_HEADER = YES;
				CLANG_WARN_RANGE_LOOP_ANALYSIS = YES;
				CLANG_WARN_STRICT_PROTOTYPES = YES;
				CLANG_WARN_SUSPICIOUS_MOVE = YES;
				CLANG_WARN_UNGUARDED_AVAILABILITY = YES_AGGRESSIVE;
				CLANG_WARN_UNREACHABLE_CODE = YES;
				CLANG_WARN__DUPLICATE_METHOD_MATCH = YES;
				COPY_PHASE_STRIP = NO;
				DEBUG_INFORMATION_FORMAT = dwarf;
				ENABLE_STRICT_OBJC_MSGSEND = YES;
				ENABLE_TESTABILITY = YES;
				GCC_C_LANGUAGE_STANDARD = gnu11;
				GCC_DYNAMIC_NO_PIC = NO;
				GCC_NO_COMMON_BLOCKS = YES;
				GCC_OPTIMIZATION_LEVEL = 0;
				GCC_PREPROCESSOR_DEFINITIONS = (
					"DEBUG=1",
					"$(inherited)",
				);
				GCC_WARN_64_TO_32_BIT_CONVERSION = YES;
				GCC_WARN_ABOUT_RETURN_TYPE = YES_ERROR;
				GCC_WARN_UNDECLARED_SELECTOR = YES;
				GCC_WARN_UNINITIALIZED_AUTOS = YES_AGGRESSIVE;
				GCC_WARN_UNUSED_FUNCTION = YES;
				GCC_WARN_UNUSED_VARIABLE = YES;
				IPHONEOS_DEPLOYMENT_TARGET = 16.2;
				MTL_ENABLE_DEBUG_INFO = INCLUDE_SOURCE;
				MTL_FAST_MATH = YES;
				ONLY_ACTIVE_ARCH = YES;
				SDKROOT = iphoneos;
				SWIFT_ACTIVE_COMPILATION_CONDITIONS = DEBUG;
				SWIFT_OPTIMIZATION_LEVEL = "-Onone";
			};
			name = Debug;
		};
		72FC2FFD29B9AC3E00384AE2 /* Release */ = {
			isa = XCBuildConfiguration;
			buildSettings = {
				ALWAYS_SEARCH_USER_PATHS = NO;
				CLANG_ANALYZER_NONNULL = YES;
				CLANG_ANALYZER_NUMBER_OBJECT_CONVERSION = YES_AGGRESSIVE;
				CLANG_CXX_LANGUAGE_STANDARD = "gnu++20";
				CLANG_ENABLE_MODULES = YES;
				CLANG_ENABLE_OBJC_ARC = YES;
				CLANG_ENABLE_OBJC_WEAK = YES;
				CLANG_WARN_BLOCK_CAPTURE_AUTORELEASING = YES;
				CLANG_WARN_BOOL_CONVERSION = YES;
				CLANG_WARN_COMMA = YES;
				CLANG_WARN_CONSTANT_CONVERSION = YES;
				CLANG_WARN_DEPRECATED_OBJC_IMPLEMENTATIONS = YES;
				CLANG_WARN_DIRECT_OBJC_ISA_USAGE = YES_ERROR;
				CLANG_WARN_DOCUMENTATION_COMMENTS = YES;
				CLANG_WARN_EMPTY_BODY = YES;
				CLANG_WARN_ENUM_CONVERSION = YES;
				CLANG_WARN_INFINITE_RECURSION = YES;
				CLANG_WARN_INT_CONVERSION = YES;
				CLANG_WARN_NON_LITERAL_NULL_CONVERSION = YES;
				CLANG_WARN_OBJC_IMPLICIT_RETAIN_SELF = YES;
				CLANG_WARN_OBJC_LITERAL_CONVERSION = YES;
				CLANG_WARN_OBJC_ROOT_CLASS = YES_ERROR;
				CLANG_WARN_QUOTED_INCLUDE_IN_FRAMEWORK_HEADER = YES;
				CLANG_WARN_RANGE_LOOP_ANALYSIS = YES;
				CLANG_WARN_STRICT_PROTOTYPES = YES;
				CLANG_WARN_SUSPICIOUS_MOVE = YES;
				CLANG_WARN_UNGUARDED_AVAILABILITY = YES_AGGRESSIVE;
				CLANG_WARN_UNREACHABLE_CODE = YES;
				CLANG_WARN__DUPLICATE_METHOD_MATCH = YES;
				COPY_PHASE_STRIP = NO;
				DEBUG_INFORMATION_FORMAT = "dwarf-with-dsym";
				ENABLE_NS_ASSERTIONS = NO;
				ENABLE_STRICT_OBJC_MSGSEND = YES;
				GCC_C_LANGUAGE_STANDARD = gnu11;
				GCC_NO_COMMON_BLOCKS = YES;
				GCC_WARN_64_TO_32_BIT_CONVERSION = YES;
				GCC_WARN_ABOUT_RETURN_TYPE = YES_ERROR;
				GCC_WARN_UNDECLARED_SELECTOR = YES;
				GCC_WARN_UNINITIALIZED_AUTOS = YES_AGGRESSIVE;
				GCC_WARN_UNUSED_FUNCTION = YES;
				GCC_WARN_UNUSED_VARIABLE = YES;
				IPHONEOS_DEPLOYMENT_TARGET = 16.2;
				MTL_ENABLE_DEBUG_INFO = NO;
				MTL_FAST_MATH = YES;
				SDKROOT = iphoneos;
				SWIFT_COMPILATION_MODE = wholemodule;
				SWIFT_OPTIMIZATION_LEVEL = "-O";
				VALIDATE_PRODUCT = YES;
			};
			name = Release;
		};
		72FC2FFF29B9AC3E00384AE2 /* Debug */ = {
			isa = XCBuildConfiguration;
			buildSettings = {
				ASSETCATALOG_COMPILER_APPICON_NAME = AppIcon;
				ASSETCATALOG_COMPILER_GLOBAL_ACCENT_COLOR_NAME = AccentColor;
				CODE_SIGN_STYLE = Automatic;
				CURRENT_PROJECT_VERSION = 1;
				GENERATE_INFOPLIST_FILE = YES;
				INFOPLIST_FILE = ios_appDev/Info.plist;
				INFOPLIST_KEY_UIApplicationSupportsIndirectInputEvents = YES;
				INFOPLIST_KEY_UILaunchStoryboardName = LaunchScreen;
				INFOPLIST_KEY_UISupportedInterfaceOrientations_iPad = "UIInterfaceOrientationPortrait UIInterfaceOrientationPortraitUpsideDown UIInterfaceOrientationLandscapeLeft UIInterfaceOrientationLandscapeRight";
				INFOPLIST_KEY_UISupportedInterfaceOrientations_iPhone = "UIInterfaceOrientationPortrait UIInterfaceOrientationLandscapeLeft UIInterfaceOrientationLandscapeRight";
				LD_RUNPATH_SEARCH_PATHS = (
					"$(inherited)",
					"@executable_path/Frameworks",
				);
				MARKETING_VERSION = 1.0;
				PRODUCT_BUNDLE_IDENTIFIER = "in.Reet.ios-appDev";
				PRODUCT_NAME = "$(TARGET_NAME)";
				SWIFT_EMIT_LOC_STRINGS = YES;
				SWIFT_VERSION = 5.0;
				TARGETED_DEVICE_FAMILY = "1,2";
			};
			name = Debug;
		};
		72FC300029B9AC3E00384AE2 /* Release */ = {
			isa = XCBuildConfiguration;
			buildSettings = {
				ASSETCATALOG_COMPILER_APPICON_NAME = AppIcon;
				ASSETCATALOG_COMPILER_GLOBAL_ACCENT_COLOR_NAME = AccentColor;
				CODE_SIGN_STYLE = Automatic;
				CURRENT_PROJECT_VERSION = 1;
				GENERATE_INFOPLIST_FILE = YES;
				INFOPLIST_FILE = ios_appDev/Info.plist;
				INFOPLIST_KEY_UIApplicationSupportsIndirectInputEvents = YES;
				INFOPLIST_KEY_UILaunchStoryboardName = LaunchScreen;
				INFOPLIST_KEY_UISupportedInterfaceOrientations_iPad = "UIInterfaceOrientationPortrait UIInterfaceOrientationPortraitUpsideDown UIInterfaceOrientationLandscapeLeft UIInterfaceOrientationLandscapeRight";
				INFOPLIST_KEY_UISupportedInterfaceOrientations_iPhone = "UIInterfaceOrientationPortrait UIInterfaceOrientationLandscapeLeft UIInterfaceOrientationLandscapeRight";
				LD_RUNPATH_SEARCH_PATHS = (
					"$(inherited)",
					"@executable_path/Frameworks",
				);
				MARKETING_VERSION = 1.0;
				PRODUCT_BUNDLE_IDENTIFIER = "in.Reet.ios-appDev";
				PRODUCT_NAME = "$(TARGET_NAME)";
				SWIFT_EMIT_LOC_STRINGS = YES;
				SWIFT_VERSION = 5.0;
				TARGETED_DEVICE_FAMILY = "1,2";
			};
			name = Release;
		};
		72FC300229B9AC3E00384AE2 /* Debug */ = {
			isa = XCBuildConfiguration;
			buildSettings = {
				ALWAYS_EMBED_SWIFT_STANDARD_LIBRARIES = YES;
				BUNDLE_LOADER = "$(TEST_HOST)";
				CODE_SIGN_STYLE = Automatic;
				CURRENT_PROJECT_VERSION = 1;
				GENERATE_INFOPLIST_FILE = YES;
				IPHONEOS_DEPLOYMENT_TARGET = 16.2;
				MARKETING_VERSION = 1.0;
				PRODUCT_BUNDLE_IDENTIFIER = "in.Reet.ios-appDevTests";
				PRODUCT_NAME = "$(TARGET_NAME)";
				SWIFT_EMIT_LOC_STRINGS = NO;
				SWIFT_VERSION = 5.0;
				TARGETED_DEVICE_FAMILY = "1,2";
				TEST_HOST = "$(BUILT_PRODUCTS_DIR)/ios_appDev.app/$(BUNDLE_EXECUTABLE_FOLDER_PATH)/ios_appDev";
			};
			name = Debug;
		};
		72FC300329B9AC3E00384AE2 /* Release */ = {
			isa = XCBuildConfiguration;
			buildSettings = {
				ALWAYS_EMBED_SWIFT_STANDARD_LIBRARIES = YES;
				BUNDLE_LOADER = "$(TEST_HOST)";
				CODE_SIGN_STYLE = Automatic;
				CURRENT_PROJECT_VERSION = 1;
				GENERATE_INFOPLIST_FILE = YES;
				IPHONEOS_DEPLOYMENT_TARGET = 16.2;
				MARKETING_VERSION = 1.0;
				PRODUCT_BUNDLE_IDENTIFIER = "in.Reet.ios-appDevTests";
				PRODUCT_NAME = "$(TARGET_NAME)";
				SWIFT_EMIT_LOC_STRINGS = NO;
				SWIFT_VERSION = 5.0;
				TARGETED_DEVICE_FAMILY = "1,2";
				TEST_HOST = "$(BUILT_PRODUCTS_DIR)/ios_appDev.app/$(BUNDLE_EXECUTABLE_FOLDER_PATH)/ios_appDev";
			};
			name = Release;
		};
		72FC300529B9AC3E00384AE2 /* Debug */ = {
			isa = XCBuildConfiguration;
			buildSettings = {
				ALWAYS_EMBED_SWIFT_STANDARD_LIBRARIES = YES;
				CODE_SIGN_STYLE = Automatic;
				CURRENT_PROJECT_VERSION = 1;
				GENERATE_INFOPLIST_FILE = YES;
				MARKETING_VERSION = 1.0;
				PRODUCT_BUNDLE_IDENTIFIER = "in.Reet.ios-appDevUITests";
				PRODUCT_NAME = "$(TARGET_NAME)";
				SWIFT_EMIT_LOC_STRINGS = NO;
				SWIFT_VERSION = 5.0;
				TARGETED_DEVICE_FAMILY = "1,2";
				TEST_TARGET_NAME = ios_appDev;
			};
			name = Debug;
		};
		72FC300629B9AC3E00384AE2 /* Release */ = {
			isa = XCBuildConfiguration;
			buildSettings = {
				ALWAYS_EMBED_SWIFT_STANDARD_LIBRARIES = YES;
				CODE_SIGN_STYLE = Automatic;
				CURRENT_PROJECT_VERSION = 1;
				GENERATE_INFOPLIST_FILE = YES;
				MARKETING_VERSION = 1.0;
				PRODUCT_BUNDLE_IDENTIFIER = "in.Reet.ios-appDevUITests";
				PRODUCT_NAME = "$(TARGET_NAME)";
				SWIFT_EMIT_LOC_STRINGS = NO;
				SWIFT_VERSION = 5.0;
				TARGETED_DEVICE_FAMILY = "1,2";
				TEST_TARGET_NAME = ios_appDev;
			};
			name = Release;
		};
/* End XCBuildConfiguration section */

/* Begin XCConfigurationList section */
		72FC2FCF29B9AC3D00384AE2 /* Build configuration list for PBXProject "ios_appDev" */ = {
			isa = XCConfigurationList;
			buildConfigurations = (
				72FC2FFC29B9AC3E00384AE2 /* Debug */,
				72FC2FFD29B9AC3E00384AE2 /* Release */,
			);
			defaultConfigurationIsVisible = 0;
			defaultConfigurationName = Release;
		};
		72FC2FFE29B9AC3E00384AE2 /* Build configuration list for PBXNativeTarget "ios_appDev" */ = {
			isa = XCConfigurationList;
			buildConfigurations = (
				72FC2FFF29B9AC3E00384AE2 /* Debug */,
				72FC300029B9AC3E00384AE2 /* Release */,
			);
			defaultConfigurationIsVisible = 0;
			defaultConfigurationName = Release;
		};
		72FC300129B9AC3E00384AE2 /* Build configuration list for PBXNativeTarget "ios_appDevTests" */ = {
			isa = XCConfigurationList;
			buildConfigurations = (
				72FC300229B9AC3E00384AE2 /* Debug */,
				72FC300329B9AC3E00384AE2 /* Release */,
			);
			defaultConfigurationIsVisible = 0;
			defaultConfigurationName = Release;
		};
		72FC300429B9AC3E00384AE2 /* Build configuration list for PBXNativeTarget "ios_appDevUITests" */ = {
			isa = XCConfigurationList;
			buildConfigurations = (
				72FC300529B9AC3E00384AE2 /* Debug */,
				72FC300629B9AC3E00384AE2 /* Release */,
			);
			defaultConfigurationIsVisible = 0;
			defaultConfigurationName = Release;
		};
/* End XCConfigurationList section */
	};
	rootObject = 72FC2FCC29B9AC3D00384AE2 /* Project object */;
}
